// !$*UTF8*$!
{
	archiveVersion = 1;
	classes = {
	};
	objectVersion = 46;
	objects = {

/* Begin PBXBuildFile section */
		F83A990F1B4DFE37000F4BDF /* RatingControl.swift in Sources */ = {isa = PBXBuildFile; fileRef = F83A990E1B4DFE37000F4BDF /* RatingControl.swift */; };
		F85BA5421B4A04B900754809 /* AppDelegate.swift in Sources */ = {isa = PBXBuildFile; fileRef = F85BA5411B4A04B900754809 /* AppDelegate.swift */; };
		F85BA5441B4A04B900754809 /* ViewController.swift in Sources */ = {isa = PBXBuildFile; fileRef = F85BA5431B4A04B900754809 /* ViewController.swift */; };
		F85BA5471B4A04B900754809 /* Main.storyboard in Resources */ = {isa = PBXBuildFile; fileRef = F85BA5451B4A04B900754809 /* Main.storyboard */; };
		F85BA5491B4A04B900754809 /* Assets.xcassets in Resources */ = {isa = PBXBuildFile; fileRef = F85BA5481B4A04B900754809 /* Assets.xcassets */; };
		F85BA54C1B4A04B900754809 /* LaunchScreen.storyboard in Resources */ = {isa = PBXBuildFile; fileRef = F85BA54A1B4A04B900754809 /* LaunchScreen.storyboard */; };
		F85BA5571B4A04B900754809 /* FoodTrackerTests.swift in Sources */ = {isa = PBXBuildFile; fileRef = F85BA5561B4A04B900754809 /* FoodTrackerTests.swift */; };
/* End PBXBuildFile section */

/* Begin PBXContainerItemProxy section */
		F85BA5531B4A04B900754809 /* PBXContainerItemProxy */ = {
			isa = PBXContainerItemProxy;
			containerPortal = F85BA5361B4A04B900754809 /* Project object */;
			proxyType = 1;
			remoteGlobalIDString = F85BA53D1B4A04B900754809;
			remoteInfo = FoodTracker;
		};
/* End PBXContainerItemProxy section */

/* Begin PBXFileReference section */
		F83A990E1B4DFE37000F4BDF /* RatingControl.swift */ = {isa = PBXFileReference; fileEncoding = 4; lastKnownFileType = sourcecode.swift; path = RatingControl.swift; sourceTree = "<group>"; };
		F85BA53E1B4A04B900754809 /* FoodTracker.app */ = {isa = PBXFileReference; explicitFileType = wrapper.application; includeInIndex = 0; path = FoodTracker.app; sourceTree = BUILT_PRODUCTS_DIR; };
		F85BA5411B4A04B900754809 /* AppDelegate.swift */ = {isa = PBXFileReference; lastKnownFileType = sourcecode.swift; path = AppDelegate.swift; sourceTree = "<group>"; };
		F85BA5431B4A04B900754809 /* ViewController.swift */ = {isa = PBXFileReference; lastKnownFileType = sourcecode.swift; path = ViewController.swift; sourceTree = "<group>"; };
		F85BA5461B4A04B900754809 /* Base */ = {isa = PBXFileReference; lastKnownFileType = file.storyboard; name = Base; path = Base.lproj/Main.storyboard; sourceTree = "<group>"; };
		F85BA5481B4A04B900754809 /* Assets.xcassets */ = {isa = PBXFileReference; lastKnownFileType = folder.assetcatalog; path = Assets.xcassets; sourceTree = "<group>"; };
		F85BA54B1B4A04B900754809 /* Base */ = {isa = PBXFileReference; lastKnownFileType = file.storyboard; name = Base; path = Base.lproj/LaunchScreen.storyboard; sourceTree = "<group>"; };
		F85BA54D1B4A04B900754809 /* Info.plist */ = {isa = PBXFileReference; lastKnownFileType = text.plist.xml; path = Info.plist; sourceTree = "<group>"; };
		F85BA5521B4A04B900754809 /* FoodTrackerTests.xctest */ = {isa = PBXFileReference; explicitFileType = wrapper.cfbundle; includeInIndex = 0; path = FoodTrackerTests.xctest; sourceTree = BUILT_PRODUCTS_DIR; };
		F85BA5561B4A04B900754809 /* FoodTrackerTests.swift */ = {isa = PBXFileReference; lastKnownFileType = sourcecode.swift; path = FoodTrackerTests.swift; sourceTree = "<group>"; };
		F85BA5581B4A04B900754809 /* Info.plist */ = {isa = PBXFileReference; lastKnownFileType = text.plist.xml; path = Info.plist; sourceTree = "<group>"; };
/* End PBXFileReference section */

/* Begin PBXFrameworksBuildPhase section */
		F85BA53B1B4A04B900754809 /* Frameworks */ = {
			isa = PBXFrameworksBuildPhase;
			buildActionMask = 2147483647;
			files = (
			);
			runOnlyForDeploymentPostprocessing = 0;
		};
		F85BA54F1B4A04B900754809 /* Frameworks */ = {
			isa = PBXFrameworksBuildPhase;
			buildActionMask = 2147483647;
			files = (
			);
			runOnlyForDeploymentPostprocessing = 0;
		};
/* End PBXFrameworksBuildPhase section */

/* Begin PBXGroup section */
		F85BA5351B4A04B900754809 = {
			isa = PBXGroup;
			children = (
				F85BA5401B4A04B900754809 /* FoodTracker */,
				F85BA5551B4A04B900754809 /* FoodTrackerTests */,
				F85BA53F1B4A04B900754809 /* Products */,
			);
			sourceTree = "<group>";
		};
		F85BA53F1B4A04B900754809 /* Products */ = {
			isa = PBXGroup;
			children = (
				F85BA53E1B4A04B900754809 /* FoodTracker.app */,
				F85BA5521B4A04B900754809 /* FoodTrackerTests.xctest */,
			);
			name = Products;
			sourceTree = "<group>";
		};
		F85BA5401B4A04B900754809 /* FoodTracker */ = {
			isa = PBXGroup;
			children = (
				F85BA5411B4A04B900754809 /* AppDelegate.swift */,
				F85BA5431B4A04B900754809 /* ViewController.swift */,
				F83A990E1B4DFE37000F4BDF /* RatingControl.swift */,
				F85BA5451B4A04B900754809 /* Main.storyboard */,
				F85BA5481B4A04B900754809 /* Assets.xcassets */,
				F85BA54A1B4A04B900754809 /* LaunchScreen.storyboard */,
				F85BA54D1B4A04B900754809 /* Info.plist */,
			);
			path = FoodTracker;
			sourceTree = "<group>";
		};
		F85BA5551B4A04B900754809 /* FoodTrackerTests */ = {
			isa = PBXGroup;
			children = (
				F85BA5561B4A04B900754809 /* FoodTrackerTests.swift */,
				F85BA5581B4A04B900754809 /* Info.plist */,
			);
			path = FoodTrackerTests;
			sourceTree = "<group>";
		};
/* End PBXGroup section */

/* Begin PBXNativeTarget section */
		F85BA53D1B4A04B900754809 /* FoodTracker */ = {
			isa = PBXNativeTarget;
			buildConfigurationList = F85BA55B1B4A04B900754809 /* Build configuration list for PBXNativeTarget "FoodTracker" */;
			buildPhases = (
				F85BA53A1B4A04B900754809 /* Sources */,
				F85BA53B1B4A04B900754809 /* Frameworks */,
				F85BA53C1B4A04B900754809 /* Resources */,
			);
			buildRules = (
			);
			dependencies = (
			);
			name = FoodTracker;
			productName = FoodTracker;
			productReference = F85BA53E1B4A04B900754809 /* FoodTracker.app */;
			productType = "com.apple.product-type.application";
		};
		F85BA5511B4A04B900754809 /* FoodTrackerTests */ = {
			isa = PBXNativeTarget;
			buildConfigurationList = F85BA55E1B4A04B900754809 /* Build configuration list for PBXNativeTarget "FoodTrackerTests" */;
			buildPhases = (
				F85BA54E1B4A04B900754809 /* Sources */,
				F85BA54F1B4A04B900754809 /* Frameworks */,
				F85BA5501B4A04B900754809 /* Resources */,
			);
			buildRules = (
			);
			dependencies = (
				F85BA5541B4A04B900754809 /* PBXTargetDependency */,
			);
			name = FoodTrackerTests;
			productName = FoodTrackerTests;
			productReference = F85BA5521B4A04B900754809 /* FoodTrackerTests.xctest */;
			productType = "com.apple.product-type.bundle.unit-test";
		};
/* End PBXNativeTarget section */

/* Begin PBXProject section */
		F85BA5361B4A04B900754809 /* Project object */ = {
			isa = PBXProject;
			attributes = {
				LastUpgradeCheck = 0700;
				ORGANIZATIONNAME = "Sigutian,Inc.";
				TargetAttributes = {
					F85BA53D1B4A04B900754809 = {
						CreatedOnToolsVersion = 7.0;
					};
					F85BA5511B4A04B900754809 = {
						CreatedOnToolsVersion = 7.0;
						TestTargetID = F85BA53D1B4A04B900754809;
					};
				};
			};
			buildConfigurationList = F85BA5391B4A04B900754809 /* Build configuration list for PBXProject "FoodTracker" */;
			compatibilityVersion = "Xcode 3.2";
			developmentRegion = English;
			hasScannedForEncodings = 0;
			knownRegions = (
				en,
				Base,
			);
			mainGroup = F85BA5351B4A04B900754809;
			productRefGroup = F85BA53F1B4A04B900754809 /* Products */;
			projectDirPath = "";
			projectRoot = "";
			targets = (
				F85BA53D1B4A04B900754809 /* FoodTracker */,
				F85BA5511B4A04B900754809 /* FoodTrackerTests */,
			);
		};
/* End PBXProject section */

/* Begin PBXResourcesBuildPhase section */
		F85BA53C1B4A04B900754809 /* Resources */ = {
			isa = PBXResourcesBuildPhase;
			buildActionMask = 2147483647;
			files = (
				F85BA54C1B4A04B900754809 /* LaunchScreen.storyboard in Resources */,
				F85BA5491B4A04B900754809 /* Assets.xcassets in Resources */,
				F85BA5471B4A04B900754809 /* Main.storyboard in Resources */,
			);
			runOnlyForDeploymentPostprocessing = 0;
		};
		F85BA5501B4A04B900754809 /* Resources */ = {
			isa = PBXResourcesBuildPhase;
			buildActionMask = 2147483647;
			files = (
			);
			runOnlyForDeploymentPostprocessing = 0;
		};
/* End PBXResourcesBuildPhase section */

/* Begin PBXSourcesBuildPhase section */
		F85BA53A1B4A04B900754809 /* Sources */ = {
			isa = PBXSourcesBuildPhase;
			buildActionMask = 2147483647;
			files = (
				F85BA5441B4A04B900754809 /* ViewController.swift in Sources */,
				F83A990F1B4DFE37000F4BDF /* RatingControl.swift in Sources */,
				F85BA5421B4A04B900754809 /* AppDelegate.swift in Sources */,
			);
			runOnlyForDeploymentPostprocessing = 0;
		};
		F85BA54E1B4A04B900754809 /* Sources */ = {
			isa = PBXSourcesBuildPhase;
			buildActionMask = 2147483647;
			files = (
				F85BA5571B4A04B900754809 /* FoodTrackerTests.swift in Sources */,
			);
			runOnlyForDeploymentPostprocessing = 0;
		};
/* End PBXSourcesBuildPhase section */

/* Begin PBXTargetDependency section */
		F85BA5541B4A04B900754809 /* PBXTargetDependency */ = {
			isa = PBXTargetDependency;
			target = F85BA53D1B4A04B900754809 /* FoodTracker */;
			targetProxy = F85BA5531B4A04B900754809 /* PBXContainerItemProxy */;
		};
/* End PBXTargetDependency section */

/* Begin PBXVariantGroup section */
		F85BA5451B4A04B900754809 /* Main.storyboard */ = {
			isa = PBXVariantGroup;
			children = (
				F85BA5461B4A04B900754809 /* Base */,
			);
			name = Main.storyboard;
			sourceTree = "<group>";
		};
		F85BA54A1B4A04B900754809 /* LaunchScreen.storyboard */ = {
			isa = PBXVariantGroup;
			children = (
				F85BA54B1B4A04B900754809 /* Base */,
			);
			name = LaunchScreen.storyboard;
			sourceTree = "<group>";
		};
/* End PBXVariantGroup section */

/* Begin XCBuildConfiguration section */
		F85BA5591B4A04B900754809 /* Debug */ = {
			isa = XCBuildConfiguration;
			buildSettings = {
				ALWAYS_SEARCH_USER_PATHS = NO;
				CLANG_CXX_LANGUAGE_STANDARD = "gnu++0x";
				CLANG_CXX_LIBRARY = "libc++";
				CLANG_ENABLE_MODULES = YES;
				CLANG_ENABLE_OBJC_ARC = YES;
				CLANG_WARN_BOOL_CONVERSION = YES;
				CLANG_WARN_CONSTANT_CONVERSION = YES;
				CLANG_WARN_DIRECT_OBJC_ISA_USAGE = YES_ERROR;
				CLANG_WARN_EMPTY_BODY = YES;
				CLANG_WARN_ENUM_CONVERSION = YES;
				CLANG_WARN_INT_CONVERSION = YES;
				CLANG_WARN_OBJC_ROOT_CLASS = YES_ERROR;
				CLANG_WARN_UNREACHABLE_CODE = YES;
				CLANG_WARN__DUPLICATE_METHOD_MATCH = YES;
				"CODE_SIGN_IDENTITY[sdk=iphoneos*]" = "iPhone Developer";
				COPY_PHASE_STRIP = NO;
				DEBUG_INFORMATION_FORMAT = dwarf;
				ENABLE_STRICT_OBJC_MSGSEND = YES;
				ENABLE_TESTABILITY = YES;
				GCC_C_LANGUAGE_STANDARD = gnu99;
				GCC_DYNAMIC_NO_PIC = NO;
				GCC_NO_COMMON_BLOCKS = YES;
				GCC_OPTIMIZATION_LEVEL = 0;
				GCC_PREPROCESSOR_DEFINITIONS = (
					"DEBUG=1",
					"$(inherited)",
				);
				GCC_WARN_64_TO_32_BIT_CONVERSION = YES;
				GCC_WARN_ABOUT_RETURN_TYPE = YES_ERROR;
				GCC_WARN_UNDECLARED_SELECTOR = YES;
				GCC_WARN_UNINITIALIZED_AUTOS = YES_AGGRESSIVE;
				GCC_WARN_UNUSED_FUNCTION = YES;
				GCC_WARN_UNUSED_VARIABLE = YES;
				IPHONEOS_DEPLOYMENT_TARGET = 9.0;
				MTL_ENABLE_DEBUG_INFO = YES;
				ONLY_ACTIVE_ARCH = YES;
				SDKROOT = iphoneos;
				SWIFT_OPTIMIZATION_LEVEL = "-Onone";
				TARGETED_DEVICE_FAMILY = "1,2";
			};
			name = Debug;
		};
		F85BA55A1B4A04B900754809 /* Release */ = {
			isa = XCBuildConfiguration;
			buildSettings = {
				ALWAYS_SEARCH_USER_PATHS = NO;
				CLANG_CXX_LANGUAGE_STANDARD = "gnu++0x";
				CLANG_CXX_LIBRARY = "libc++";
				CLANG_ENABLE_MODULES = YES;
				CLANG_ENABLE_OBJC_ARC = YES;
				CLANG_WARN_BOOL_CONVERSION = YES;
				CLANG_WARN_CONSTANT_CONVERSION = YES;
				CLANG_WARN_DIRECT_OBJC_ISA_USAGE = YES_ERROR;
				CLANG_WARN_EMPTY_BODY = YES;
				CLANG_WARN_ENUM_CONVERSION = YES;
				CLANG_WARN_INT_CONVERSION = YES;
				CLANG_WARN_OBJC_ROOT_CLASS = YES_ERROR;
				CLANG_WARN_UNREACHABLE_CODE = YES;
				CLANG_WARN__DUPLICATE_METHOD_MATCH = YES;
				"CODE_SIGN_IDENTITY[sdk=iphoneos*]" = "iPhone Developer";
				COPY_PHASE_STRIP = NO;
				DEBUG_INFORMATION_FORMAT = "dwarf-with-dsym";
				ENABLE_NS_ASSERTIONS = NO;
				ENABLE_STRICT_OBJC_MSGSEND = YES;
				GCC_C_LANGUAGE_STANDARD = gnu99;
				GCC_NO_COMMON_BLOCKS = YES;
				GCC_WARN_64_TO_32_BIT_CONVERSION = YES;
				GCC_WARN_ABOUT_RETURN_TYPE = YES_ERROR;
				GCC_WARN_UNDECLARED_SELECTOR = YES;
				GCC_WARN_UNINITIALIZED_AUTOS = YES_AGGRESSIVE;
				GCC_WARN_UNUSED_FUNCTION = YES;
				GCC_WARN_UNUSED_VARIABLE = YES;
				IPHONEOS_DEPLOYMENT_TARGET = 9.0;
				MTL_ENABLE_DEBUG_INFO = NO;
				SDKROOT = iphoneos;
				TARGETED_DEVICE_FAMILY = "1,2";
				VALIDATE_PRODUCT = YES;
			};
			name = Release;
		};
		F85BA55C1B4A04B900754809 /* Debug */ = {
			isa = XCBuildConfiguration;
			buildSettings = {
				ASSETCATALOG_COMPILER_APPICON_NAME = AppIcon;
				INFOPLIST_FILE = FoodTracker/Info.plist;
				LD_RUNPATH_SEARCH_PATHS = "$(inherited) @executable_path/Frameworks";
				PRODUCT_BUNDLE_IDENTIFIER = com.sigutian.FoodTracker;
				PRODUCT_NAME = "$(TARGET_NAME)";
			};
			name = Debug;
		};
		F85BA55D1B4A04B900754809 /* Release */ = {
			isa = XCBuildConfiguration;
			buildSettings = {
				ASSETCATALOG_COMPILER_APPICON_NAME = AppIcon;
				INFOPLIST_FILE = FoodTracker/Info.plist;
				LD_RUNPATH_SEARCH_PATHS = "$(inherited) @executable_path/Frameworks";
				PRODUCT_BUNDLE_IDENTIFIER = com.sigutian.FoodTracker;
				PRODUCT_NAME = "$(TARGET_NAME)";
			};
			name = Release;
		};
		F85BA55F1B4A04B900754809 /* Debug */ = {
			isa = XCBuildConfiguration;
			buildSettings = {
				BUNDLE_LOADER = "$(TEST_HOST)";
				INFOPLIST_FILE = FoodTrackerTests/Info.plist;
				LD_RUNPATH_SEARCH_PATHS = "$(inherited) @executable_path/Frameworks @loader_path/Frameworks";
				PRODUCT_BUNDLE_IDENTIFIER = com.sigutian.FoodTrackerTests;
				PRODUCT_NAME = "$(TARGET_NAME)";
				TEST_HOST = "$(BUILT_PRODUCTS_DIR)/FoodTracker.app/FoodTracker";
			};
			name = Debug;
		};
		F85BA5601B4A04B900754809 /* Release */ = {
			isa = XCBuildConfiguration;
			buildSettings = {
				BUNDLE_LOADER = "$(TEST_HOST)";
				INFOPLIST_FILE = FoodTrackerTests/Info.plist;
				LD_RUNPATH_SEARCH_PATHS = "$(inherited) @executable_path/Frameworks @loader_path/Frameworks";
				PRODUCT_BUNDLE_IDENTIFIER = com.sigutian.FoodTrackerTests;
				PRODUCT_NAME = "$(TARGET_NAME)";
				TEST_HOST = "$(BUILT_PRODUCTS_DIR)/FoodTracker.app/FoodTracker";
			};
			name = Release;
		};
/* End XCBuildConfiguration section */

/* Begin XCConfigurationList section */
		F85BA5391B4A04B900754809 /* Build configuration list for PBXProject "FoodTracker" */ = {
			isa = XCConfigurationList;
			buildConfigurations = (
				F85BA5591B4A04B900754809 /* Debug */,
				F85BA55A1B4A04B900754809 /* Release */,
			);
			defaultConfigurationIsVisible = 0;
			defaultConfigurationName = Release;
		};
		F85BA55B1B4A04B900754809 /* Build configuration list for PBXNativeTarget "FoodTracker" */ = {
			isa = XCConfigurationList;
			buildConfigurations = (
				F85BA55C1B4A04B900754809 /* Debug */,
				F85BA55D1B4A04B900754809 /* Release */,
			);
			defaultConfigurationIsVisible = 0;
			defaultConfigurationName = Release;
		};
		F85BA55E1B4A04B900754809 /* Build configuration list for PBXNativeTarget "FoodTrackerTests" */ = {
			isa = XCConfigurationList;
			buildConfigurations = (
				F85BA55F1B4A04B900754809 /* Debug */,
				F85BA5601B4A04B900754809 /* Release */,
			);
			defaultConfigurationIsVisible = 0;
			defaultConfigurationName = Release;
		};
/* End XCConfigurationList section */
	};
	rootObject = F85BA5361B4A04B900754809 /* Project object */;
}
